// !$*UTF8*$!
{
	archiveVersion = 1;
	classes = {
	};
	objectVersion = 46;
	objects = {

/* Begin PBXBuildFile section */
		EF4920B41FC2AFBE00CAD1CE /* AppDelegate.swift in Sources */ = {isa = PBXBuildFile; fileRef = EF4920B31FC2AFBE00CAD1CE /* AppDelegate.swift */; };
		EF4920B61FC2AFBE00CAD1CE /* ViewController.swift in Sources */ = {isa = PBXBuildFile; fileRef = EF4920B51FC2AFBE00CAD1CE /* ViewController.swift */; };
		EF4920B91FC2AFBE00CAD1CE /* Main.storyboard in Resources */ = {isa = PBXBuildFile; fileRef = EF4920B71FC2AFBE00CAD1CE /* Main.storyboard */; };
		EF4920BB1FC2AFBE00CAD1CE /* Assets.xcassets in Resources */ = {isa = PBXBuildFile; fileRef = EF4920BA1FC2AFBE00CAD1CE /* Assets.xcassets */; };
		EF4920BE1FC2AFBE00CAD1CE /* LaunchScreen.storyboard in Resources */ = {isa = PBXBuildFile; fileRef = EF4920BC1FC2AFBE00CAD1CE /* LaunchScreen.storyboard */; };
/* End PBXBuildFile section */

/* Begin PBXFileReference section */
		EF4920B01FC2AFBE00CAD1CE /* shareIt.app */ = {isa = PBXFileReference; explicitFileType = wrapper.application; includeInIndex = 0; path = shareIt.app; sourceTree = BUILT_PRODUCTS_DIR; };
		EF4920B31FC2AFBE00CAD1CE /* AppDelegate.swift */ = {isa = PBXFileReference; lastKnownFileType = sourcecode.swift; path = AppDelegate.swift; sourceTree = "<group>"; };
		EF4920B51FC2AFBE00CAD1CE /* ViewController.swift */ = {isa = PBXFileReference; lastKnownFileType = sourcecode.swift; path = ViewController.swift; sourceTree = "<group>"; };
		EF4920B81FC2AFBE00CAD1CE /* Base */ = {isa = PBXFileReference; lastKnownFileType = file.storyboard; name = Base; path = Base.lproj/Main.storyboard; sourceTree = "<group>"; };
		EF4920BA1FC2AFBE00CAD1CE /* Assets.xcassets */ = {isa = PBXFileReference; lastKnownFileType = folder.assetcatalog; path = Assets.xcassets; sourceTree = "<group>"; };
		EF4920BD1FC2AFBE00CAD1CE /* Base */ = {isa = PBXFileReference; lastKnownFileType = file.storyboard; name = Base; path = Base.lproj/LaunchScreen.storyboard; sourceTree = "<group>"; };
		EF4920BF1FC2AFBE00CAD1CE /* Info.plist */ = {isa = PBXFileReference; lastKnownFileType = text.plist.xml; path = Info.plist; sourceTree = "<group>"; };
/* End PBXFileReference section */

/* Begin PBXFrameworksBuildPhase section */
		EF4920AD1FC2AFBE00CAD1CE /* Frameworks */ = {
			isa = PBXFrameworksBuildPhase;
			buildActionMask = 2147483647;
			files = (
			);
			runOnlyForDeploymentPostprocessing = 0;
		};
/* End PBXFrameworksBuildPhase section */

/* Begin PBXGroup section */
		EF4920A71FC2AFBE00CAD1CE = {
			isa = PBXGroup;
			children = (
				EF4920B21FC2AFBE00CAD1CE /* shareIt */,
				EF4920B11FC2AFBE00CAD1CE /* Products */,
			);
			sourceTree = "<group>";
		};
		EF4920B11FC2AFBE00CAD1CE /* Products */ = {
			isa = PBXGroup;
			children = (
				EF4920B01FC2AFBE00CAD1CE /* shareIt.app */,
			);
			name = Products;
			sourceTree = "<group>";
		};
		EF4920B21FC2AFBE00CAD1CE /* shareIt */ = {
			isa = PBXGroup;
			children = (
				EF4920B31FC2AFBE00CAD1CE /* AppDelegate.swift */,
				EF4920B51FC2AFBE00CAD1CE /* ViewController.swift */,
				EF4920B71FC2AFBE00CAD1CE /* Main.storyboard */,
				EF4920BA1FC2AFBE00CAD1CE /* Assets.xcassets */,
				EF4920BC1FC2AFBE00CAD1CE /* LaunchScreen.storyboard */,
				EF4920BF1FC2AFBE00CAD1CE /* Info.plist */,
			);
			path = shareIt;
			sourceTree = "<group>";
		};
/* End PBXGroup section */

/* Begin PBXNativeTarget section */
		EF4920AF1FC2AFBE00CAD1CE /* shareIt */ = {
			isa = PBXNativeTarget;
			buildConfigurationList = EF4920C21FC2AFBE00CAD1CE /* Build configuration list for PBXNativeTarget "shareIt" */;
			buildPhases = (
				EF4920AC1FC2AFBE00CAD1CE /* Sources */,
				EF4920AD1FC2AFBE00CAD1CE /* Frameworks */,
				EF4920AE1FC2AFBE00CAD1CE /* Resources */,
			);
			buildRules = (
			);
			dependencies = (
			);
			name = shareIt;
			productName = shareIt;
			productReference = EF4920B01FC2AFBE00CAD1CE /* shareIt.app */;
			productType = "com.apple.product-type.application";
		};
/* End PBXNativeTarget section */

/* Begin PBXProject section */
		EF4920A81FC2AFBE00CAD1CE /* Project object */ = {
			isa = PBXProject;
			attributes = {
				LastSwiftUpdateCheck = 0830;
				LastUpgradeCheck = 0830;
				ORGANIZATIONNAME = quiqsoft;
				TargetAttributes = {
					EF4920AF1FC2AFBE00CAD1CE = {
						CreatedOnToolsVersion = 8.3.3;
						ProvisioningStyle = Automatic;
					};
				};
			};
			buildConfigurationList = EF4920AB1FC2AFBE00CAD1CE /* Build configuration list for PBXProject "shareIt" */;
			compatibilityVersion = "Xcode 3.2";
			developmentRegion = English;
			hasScannedForEncodings = 0;
			knownRegions = (
				en,
				Base,
			);
			mainGroup = EF4920A71FC2AFBE00CAD1CE;
			productRefGroup = EF4920B11FC2AFBE00CAD1CE /* Products */;
			projectDirPath = "";
			projectRoot = "";
			targets = (
				EF4920AF1FC2AFBE00CAD1CE /* shareIt */,
			);
		};
/* End PBXProject section */

/* Begin PBXResourcesBuildPhase section */
		EF4920AE1FC2AFBE00CAD1CE /* Resources */ = {
			isa = PBXResourcesBuildPhase;
			buildActionMask = 2147483647;
			files = (
				EF4920BE1FC2AFBE00CAD1CE /* LaunchScreen.storyboard in Resources */,
				EF4920BB1FC2AFBE00CAD1CE /* Assets.xcassets in Resources */,
				EF4920B91FC2AFBE00CAD1CE /* Main.storyboard in Resources */,
			);
			runOnlyForDeploymentPostprocessing = 0;
		};
/* End PBXResourcesBuildPhase section */

/* Begin PBXSourcesBuildPhase section */
		EF4920AC1FC2AFBE00CAD1CE /* Sources */ = {
			isa = PBXSourcesBuildPhase;
			buildActionMask = 2147483647;
			files = (
				EF4920B61FC2AFBE00CAD1CE /* ViewController.swift in Sources */,
				EF4920B41FC2AFBE00CAD1CE /* AppDelegate.swift in Sources */,
			);
			runOnlyForDeploymentPostprocessing = 0;
		};
/* End PBXSourcesBuildPhase section */

/* Begin PBXVariantGroup section */
		EF4920B71FC2AFBE00CAD1CE /* Main.storyboard */ = {
			isa = PBXVariantGroup;
			children = (
				EF4920B81FC2AFBE00CAD1CE /* Base */,
			);
			name = Main.storyboard;
			sourceTree = "<group>";
		};
		EF4920BC1FC2AFBE00CAD1CE /* LaunchScreen.storyboard */ = {
			isa = PBXVariantGroup;
			children = (
				EF4920BD1FC2AFBE00CAD1CE /* Base */,
			);
			name = LaunchScreen.storyboard;
			sourceTree = "<group>";
		};
/* End PBXVariantGroup section */

/* Begin XCBuildConfiguration section */
		EF4920C01FC2AFBE00CAD1CE /* Debug */ = {
			isa = XCBuildConfiguration;
			buildSettings = {
				ALWAYS_SEARCH_USER_PATHS = NO;
				CLANG_ANALYZER_NONNULL = YES;
				CLANG_ANALYZER_NUMBER_OBJECT_CONVERSION = YES_AGGRESSIVE;
				CLANG_CXX_LANGUAGE_STANDARD = "gnu++0x";
				CLANG_CXX_LIBRARY = "libc++";
				CLANG_ENABLE_MODULES = YES;
				CLANG_ENABLE_OBJC_ARC = YES;
				CLANG_WARN_BOOL_CONVERSION = YES;
				CLANG_WARN_CONSTANT_CONVERSION = YES;
				CLANG_WARN_DIRECT_OBJC_ISA_USAGE = YES_ERROR;
				CLANG_WARN_DOCUMENTATION_COMMENTS = YES;
				CLANG_WARN_EMPTY_BODY = YES;
				CLANG_WARN_ENUM_CONVERSION = YES;
				CLANG_WARN_INFINITE_RECURSION = YES;
				CLANG_WARN_INT_CONVERSION = YES;
				CLANG_WARN_OBJC_ROOT_CLASS = YES_ERROR;
				CLANG_WARN_SUSPICIOUS_MOVE = YES;
				CLANG_WARN_UNREACHABLE_CODE = YES;
				CLANG_WARN__DUPLICATE_METHOD_MATCH = YES;
				"CODE_SIGN_IDENTITY[sdk=iphoneos*]" = "iPhone Developer";
				COPY_PHASE_STRIP = NO;
				DEBUG_INFORMATION_FORMAT = dwarf;
				ENABLE_STRICT_OBJC_MSGSEND = YES;
				ENABLE_TESTABILITY = YES;
				GCC_C_LANGUAGE_STANDARD = gnu99;
				GCC_DYNAMIC_NO_PIC = NO;
				GCC_NO_COMMON_BLOCKS = YES;
				GCC_OPTIMIZATION_LEVEL = 0;
				GCC_PREPROCESSOR_DEFINITIONS = (
					"DEBUG=1",
					"$(inherited)",
				);
				GCC_WARN_64_TO_32_BIT_CONVERSION = YES;
				GCC_WARN_ABOUT_RETURN_TYPE = YES_ERROR;
				GCC_WARN_UNDECLARED_SELECTOR = YES;
				GCC_WARN_UNINITIALIZED_AUTOS = YES_AGGRESSIVE;
				GCC_WARN_UNUSED_FUNCTION = YES;
				GCC_WARN_UNUSED_VARIABLE = YES;
				IPHONEOS_DEPLOYMENT_TARGET = 10.3;
				MTL_ENABLE_DEBUG_INFO = YES;
				ONLY_ACTIVE_ARCH = YES;
				SDKROOT = iphoneos;
				SWIFT_ACTIVE_COMPILATION_CONDITIONS = DEBUG;
				SWIFT_OPTIMIZATION_LEVEL = "-Onone";
				TARGETED_DEVICE_FAMILY = "1,2";
			};
			name = Debug;
		};
		EF4920C11FC2AFBE00CAD1CE /* Release */ = {
			isa = XCBuildConfiguration;
			buildSettings = {
				ALWAYS_SEARCH_USER_PATHS = NO;
				CLANG_ANALYZER_NONNULL = YES;
				CLANG_ANALYZER_NUMBER_OBJECT_CONVERSION = YES_AGGRESSIVE;
				CLANG_CXX_LANGUAGE_STANDARD = "gnu++0x";
				CLANG_CXX_LIBRARY = "libc++";
				CLANG_ENABLE_MODULES = YES;
				CLANG_ENABLE_OBJC_ARC = YES;
				CLANG_WARN_BOOL_CONVERSION = YES;
				CLANG_WARN_CONSTANT_CONVERSION = YES;
				CLANG_WARN_DIRECT_OBJC_ISA_USAGE = YES_ERROR;
				CLANG_WARN_DOCUMENTATION_COMMENTS = YES;
				CLANG_WARN_EMPTY_BODY = YES;
				CLANG_WARN_ENUM_CONVERSION = YES;
				CLANG_WARN_INFINITE_RECURSION = YES;
				CLANG_WARN_INT_CONVERSION = YES;
				CLANG_WARN_OBJC_ROOT_CLASS = YES_ERROR;
				CLANG_WARN_SUSPICIOUS_MOVE = YES;
				CLANG_WARN_UNREACHABLE_CODE = YES;
				CLANG_WARN__DUPLICATE_METHOD_MATCH = YES;
				"CODE_SIGN_IDENTITY[sdk=iphoneos*]" = "iPhone Developer";
				COPY_PHASE_STRIP = NO;
				DEBUG_INFORMATION_FORMAT = "dwarf-with-dsym";
				ENABLE_NS_ASSERTIONS = NO;
				ENABLE_STRICT_OBJC_MSGSEND = YES;
				GCC_C_LANGUAGE_STANDARD = gnu99;
				GCC_NO_COMMON_BLOCKS = YES;
				GCC_WARN_64_TO_32_BIT_CONVERSION = YES;
				GCC_WARN_ABOUT_RETURN_TYPE = YES_ERROR;
				GCC_WARN_UNDECLARED_SELECTOR = YES;
				GCC_WARN_UNINITIALIZED_AUTOS = YES_AGGRESSIVE;
				GCC_WARN_UNUSED_FUNCTION = YES;
				GCC_WARN_UNUSED_VARIABLE = YES;
				IPHONEOS_DEPLOYMENT_TARGET = 10.3;
				MTL_ENABLE_DEBUG_INFO = NO;
				SDKROOT = iphoneos;
				SWIFT_OPTIMIZATION_LEVEL = "-Owholemodule";
				TARGETED_DEVICE_FAMILY = "1,2";
				VALIDATE_PRODUCT = YES;
			};
			name = Release;
		};
		EF4920C31FC2AFBE00CAD1CE /* Debug */ = {
			isa = XCBuildConfiguration;
			buildSettings = {
				ASSETCATALOG_COMPILER_APPICON_NAME = AppIcon;
				INFOPLIST_FILE = shareIt/Info.plist;
				LD_RUNPATH_SEARCH_PATHS = "$(inherited) @executable_path/Frameworks";
				PRODUCT_BUNDLE_IDENTIFIER = quiqsoft.shareIt;
				PRODUCT_NAME = "$(TARGET_NAME)";
				SWIFT_VERSION = 3.0;
			};
			name = Debug;
		};
		EF4920C41FC2AFBE00CAD1CE /* Release */ = {
			isa = XCBuildConfiguration;
			buildSettings = {
				ASSETCATALOG_COMPILER_APPICON_NAME = AppIcon;
				INFOPLIST_FILE = shareIt/Info.plist;
				LD_RUNPATH_SEARCH_PATHS = "$(inherited) @executable_path/Frameworks";
				PRODUCT_BUNDLE_IDENTIFIER = quiqsoft.shareIt;
				PRODUCT_NAME = "$(TARGET_NAME)";
				SWIFT_VERSION = 3.0;
			};
			name = Release;
		};
/* End XCBuildConfiguration section */

/* Begin XCConfigurationList section */
		EF4920AB1FC2AFBE00CAD1CE /* Build configuration list for PBXProject "shareIt" */ = {
			isa = XCConfigurationList;
			buildConfigurations = (
				EF4920C01FC2AFBE00CAD1CE /* Debug */,
				EF4920C11FC2AFBE00CAD1CE /* Release */,
			);
			defaultConfigurationIsVisible = 0;
			defaultConfigurationName = Release;
		};
		EF4920C21FC2AFBE00CAD1CE /* Build configuration list for PBXNativeTarget "shareIt" */ = {
			isa = XCConfigurationList;
			buildConfigurations = (
				EF4920C31FC2AFBE00CAD1CE /* Debug */,
				EF4920C41FC2AFBE00CAD1CE /* Release */,
			);
			defaultConfigurationIsVisible = 0;
		};
/* End XCConfigurationList section */
	};
	rootObject = EF4920A81FC2AFBE00CAD1CE /* Project object */;
}
